
Microsoft Visual Studio Solution File, Format Version 12.00
# Visual Studio Version 16
VisualStudioVersion = 16.0.30104.148
MinimumVisualStudioVersion = 10.0.40219.1
Project("{FAE04EC0-301F-11D3-BF4B-00C04F79EFBC}") = "dotnetcore-inventory", "dotnetcore-inventory.csproj", "{4BF69BBD-D9C9-4A59-B627-5A707EB0B547}"
EndProject
Global
	GlobalSection(SolutionConfigurationPlatforms) = preSolution
		Debug|Any CPU = Debug|Any CPU
		Release|Any CPU = Release|Any CPU
	EndGlobalSection
	GlobalSection(ProjectConfigurationPlatforms) = postSolution
		{4BF69BBD-D9C9-4A59-B627-5A707EB0B547}.Debug|Any CPU.ActiveCfg = Debug|Any CPU
		{4BF69BBD-D9C9-4A59-B627-5A707EB0B547}.Debug|Any CPU.Build.0 = Debug|Any CPU
		{4BF69BBD-D9C9-4A59-B627-5A707EB0B547}.Release|Any CPU.ActiveCfg = Release|Any CPU
		{4BF69BBD-D9C9-4A59-B627-5A707EB0B547}.Release|Any CPU.Build.0 = Release|Any CPU
	EndGlobalSection
	GlobalSection(SolutionProperties) = preSolution
		HideSolutionNode = FALSE
	EndGlobalSection
	GlobalSection(ExtensibilityGlobals) = postSolution
		SolutionGuid = {7C38C242-0D6C-417F-BE10-532B84799381}
	EndGlobalSection
EndGlobal
